
Microsoft Visual Studio Solution File, Format Version 12.00
# Visual Studio Version 17
VisualStudioVersion = 17.14.37012.4
MinimumVisualStudioVersion = 10.0.40219.1
Project("{FAE04EC0-301F-11D3-BF4B-00C04F79EFBC}") = "Baibaovemon", "Baibaovemon.csproj", "{3AD3BCC5-8B6D-4E37-BCC3-F508BF43D148}"
EndProject
Project("{FAE04EC0-301F-11D3-BF4B-00C04F79EFBC}") = "GUI", "GUI\GUI.csproj", "{451FDD45-9732-4A51-BDFC-1C7AC44723DB}"
EndProject
Project("{FAE04EC0-301F-11D3-BF4B-00C04F79EFBC}") = "DTO", "DTO\DTO.csproj", "{5CB78BCE-C3A7-41AC-972F-9A33D0C9D57F}"
EndProject
Project("{FAE04EC0-301F-11D3-BF4B-00C04F79EFBC}") = "DATA", "DATA\DATA.csproj", "{03466E27-74BE-441C-A646-22E5A85E8EBB}"
EndProject
Project("{FAE04EC0-301F-11D3-BF4B-00C04F79EFBC}") = "Bus", "Bus\Bus.csproj", "{03AF317F-6A8C-4256-80BA-96DEE317C5F8}"
EndProject
Global
	GlobalSection(SolutionConfigurationPlatforms) = preSolution
		Debug|Any CPU = Debug|Any CPU
		Release|Any CPU = Release|Any CPU
	EndGlobalSection
	GlobalSection(ProjectConfigurationPlatforms) = postSolution
		{3AD3BCC5-8B6D-4E37-BCC3-F508BF43D148}.Debug|Any CPU.ActiveCfg = Debug|Any CPU
		{3AD3BCC5-8B6D-4E37-BCC3-F508BF43D148}.Debug|Any CPU.Build.0 = Debug|Any CPU
		{3AD3BCC5-8B6D-4E37-BCC3-F508BF43D148}.Release|Any CPU.ActiveCfg = Release|Any CPU
		{3AD3BCC5-8B6D-4E37-BCC3-F508BF43D148}.Release|Any CPU.Build.0 = Release|Any CPU
		{451FDD45-9732-4A51-BDFC-1C7AC44723DB}.Debug|Any CPU.ActiveCfg = Debug|Any CPU
		{451FDD45-9732-4A51-BDFC-1C7AC44723DB}.Debug|Any CPU.Build.0 = Debug|Any CPU
		{451FDD45-9732-4A51-BDFC-1C7AC44723DB}.Release|Any CPU.ActiveCfg = Release|Any CPU
		{451FDD45-9732-4A51-BDFC-1C7AC44723DB}.Release|Any CPU.Build.0 = Release|Any CPU
		{5CB78BCE-C3A7-41AC-972F-9A33D0C9D57F}.Debug|Any CPU.ActiveCfg = Debug|Any CPU
		{5CB78BCE-C3A7-41AC-972F-9A33D0C9D57F}.Debug|Any CPU.Build.0 = Debug|Any CPU
		{5CB78BCE-C3A7-41AC-972F-9A33D0C9D57F}.Release|Any CPU.ActiveCfg = Release|Any CPU
		{5CB78BCE-C3A7-41AC-972F-9A33D0C9D57F}.Release|Any CPU.Build.0 = Release|Any CPU
		{03466E27-74BE-441C-A646-22E5A85E8EBB}.Debug|Any CPU.ActiveCfg = Debug|Any CPU
		{03466E27-74BE-441C-A646-22E5A85E8EBB}.Debug|Any CPU.Build.0 = Debug|Any CPU
		{03466E27-74BE-441C-A646-22E5A85E8EBB}.Release|Any CPU.ActiveCfg = Release|Any CPU
		{03466E27-74BE-441C-A646-22E5A85E8EBB}.Release|Any CPU.Build.0 = Release|Any CPU
		{03AF317F-6A8C-4256-80BA-96DEE317C5F8}.Debug|Any CPU.ActiveCfg = Debug|Any CPU
		{03AF317F-6A8C-4256-80BA-96DEE317C5F8}.Debug|Any CPU.Build.0 = Debug|Any CPU
		{03AF317F-6A8C-4256-80BA-96DEE317C5F8}.Release|Any CPU.ActiveCfg = Release|Any CPU
		{03AF317F-6A8C-4256-80BA-96DEE317C5F8}.Release|Any CPU.Build.0 = Release|Any CPU
	EndGlobalSection
	GlobalSection(SolutionProperties) = preSolution
		HideSolutionNode = FALSE
	EndGlobalSection
	GlobalSection(ExtensibilityGlobals) = postSolution
		SolutionGuid = {79FB2953-192D-48C9-99AA-3E7A6A344A92}
	EndGlobalSection
EndGlobal
